// !$*UTF8*$!
{
	archiveVersion = 1;
	classes = {
	};
	objectVersion = 46;
	objects = {

/* Begin PBXBuildFile section */
		DCE6581B1A23052C00BAF937 /* AppDelegate.swift in Sources */ = {isa = PBXBuildFile; fileRef = DCE6581A1A23052C00BAF937 /* AppDelegate.swift */; };
		DCE6581D1A23052C00BAF937 /* GuidePageController.swift in Sources */ = {isa = PBXBuildFile; fileRef = DCE6581C1A23052C00BAF937 /* GuidePageController.swift */; };
		DCE658201A23052C00BAF937 /* Main.storyboard in Resources */ = {isa = PBXBuildFile; fileRef = DCE6581E1A23052C00BAF937 /* Main.storyboard */; };
		DCE658221A23052C00BAF937 /* Images.xcassets in Resources */ = {isa = PBXBuildFile; fileRef = DCE658211A23052C00BAF937 /* Images.xcassets */; };
		DCE658251A23052C00BAF937 /* LaunchScreen.xib in Resources */ = {isa = PBXBuildFile; fileRef = DCE658231A23052C00BAF937 /* LaunchScreen.xib */; };
		DCE658311A23052C00BAF937 /* GuideViewTests.swift in Sources */ = {isa = PBXBuildFile; fileRef = DCE658301A23052C00BAF937 /* GuideViewTests.swift */; };
		DCE6583B1A2305DE00BAF937 /* GuideView.swift in Sources */ = {isa = PBXBuildFile; fileRef = DCE6583A1A2305DE00BAF937 /* GuideView.swift */; };
/* End PBXBuildFile section */

/* Begin PBXContainerItemProxy section */
		DCE6582B1A23052C00BAF937 /* PBXContainerItemProxy */ = {
			isa = PBXContainerItemProxy;
			containerPortal = DCE6580D1A23052C00BAF937 /* Project object */;
			proxyType = 1;
			remoteGlobalIDString = DCE658141A23052C00BAF937;
			remoteInfo = GuideView;
		};
/* End PBXContainerItemProxy section */

/* Begin PBXFileReference section */
		DCE658151A23052C00BAF937 /* GuideView.app */ = {isa = PBXFileReference; explicitFileType = wrapper.application; includeInIndex = 0; path = GuideView.app; sourceTree = BUILT_PRODUCTS_DIR; };
		DCE658191A23052C00BAF937 /* Info.plist */ = {isa = PBXFileReference; lastKnownFileType = text.plist.xml; path = Info.plist; sourceTree = "<group>"; };
		DCE6581A1A23052C00BAF937 /* AppDelegate.swift */ = {isa = PBXFileReference; lastKnownFileType = sourcecode.swift; path = AppDelegate.swift; sourceTree = "<group>"; };
		DCE6581C1A23052C00BAF937 /* GuidePageController.swift */ = {isa = PBXFileReference; lastKnownFileType = sourcecode.swift; path = GuidePageController.swift; sourceTree = "<group>"; };
		DCE6581F1A23052C00BAF937 /* Base */ = {isa = PBXFileReference; lastKnownFileType = file.storyboard; name = Base; path = Base.lproj/Main.storyboard; sourceTree = "<group>"; };
		DCE658211A23052C00BAF937 /* Images.xcassets */ = {isa = PBXFileReference; lastKnownFileType = folder.assetcatalog; path = Images.xcassets; sourceTree = "<group>"; };
		DCE658241A23052C00BAF937 /* Base */ = {isa = PBXFileReference; lastKnownFileType = file.xib; name = Base; path = Base.lproj/LaunchScreen.xib; sourceTree = "<group>"; };
		DCE6582A1A23052C00BAF937 /* GuideViewTests.xctest */ = {isa = PBXFileReference; explicitFileType = wrapper.cfbundle; includeInIndex = 0; path = GuideViewTests.xctest; sourceTree = BUILT_PRODUCTS_DIR; };
		DCE6582F1A23052C00BAF937 /* Info.plist */ = {isa = PBXFileReference; lastKnownFileType = text.plist.xml; path = Info.plist; sourceTree = "<group>"; };
		DCE658301A23052C00BAF937 /* GuideViewTests.swift */ = {isa = PBXFileReference; lastKnownFileType = sourcecode.swift; path = GuideViewTests.swift; sourceTree = "<group>"; };
		DCE6583A1A2305DE00BAF937 /* GuideView.swift */ = {isa = PBXFileReference; fileEncoding = 4; lastKnownFileType = sourcecode.swift; path = GuideView.swift; sourceTree = "<group>"; };
/* End PBXFileReference section */

/* Begin PBXFrameworksBuildPhase section */
		DCE658121A23052C00BAF937 /* Frameworks */ = {
			isa = PBXFrameworksBuildPhase;
			buildActionMask = 2147483647;
			files = (
			);
			runOnlyForDeploymentPostprocessing = 0;
		};
		DCE658271A23052C00BAF937 /* Frameworks */ = {
			isa = PBXFrameworksBuildPhase;
			buildActionMask = 2147483647;
			files = (
			);
			runOnlyForDeploymentPostprocessing = 0;
		};
/* End PBXFrameworksBuildPhase section */

/* Begin PBXGroup section */
		DC1F8C3C1A2568D5002C1B58 /* controller */ = {
			isa = PBXGroup;
			children = (
				DCE6581C1A23052C00BAF937 /* GuidePageController.swift */,
			);
			name = controller;
			sourceTree = "<group>";
		};
		DCE6580C1A23052C00BAF937 = {
			isa = PBXGroup;
			children = (
				DCE658171A23052C00BAF937 /* GuideView */,
				DCE6582D1A23052C00BAF937 /* GuideViewTests */,
				DCE658161A23052C00BAF937 /* Products */,
			);
			sourceTree = "<group>";
		};
		DCE658161A23052C00BAF937 /* Products */ = {
			isa = PBXGroup;
			children = (
				DCE658151A23052C00BAF937 /* GuideView.app */,
				DCE6582A1A23052C00BAF937 /* GuideViewTests.xctest */,
			);
			name = Products;
			sourceTree = "<group>";
		};
		DCE658171A23052C00BAF937 /* GuideView */ = {
			isa = PBXGroup;
			children = (
				DC1F8C3C1A2568D5002C1B58 /* controller */,
				DCE6581A1A23052C00BAF937 /* AppDelegate.swift */,
				DCE6581E1A23052C00BAF937 /* Main.storyboard */,
				DCE658211A23052C00BAF937 /* Images.xcassets */,
				DCE658231A23052C00BAF937 /* LaunchScreen.xib */,
				DCE658181A23052C00BAF937 /* Supporting Files */,
				DCE6583A1A2305DE00BAF937 /* GuideView.swift */,
			);
			path = GuideView;
			sourceTree = "<group>";
		};
		DCE658181A23052C00BAF937 /* Supporting Files */ = {
			isa = PBXGroup;
			children = (
				DCE658191A23052C00BAF937 /* Info.plist */,
			);
			name = "Supporting Files";
			sourceTree = "<group>";
		};
		DCE6582D1A23052C00BAF937 /* GuideViewTests */ = {
			isa = PBXGroup;
			children = (
				DCE658301A23052C00BAF937 /* GuideViewTests.swift */,
				DCE6582E1A23052C00BAF937 /* Supporting Files */,
			);
			path = GuideViewTests;
			sourceTree = "<group>";
		};
		DCE6582E1A23052C00BAF937 /* Supporting Files */ = {
			isa = PBXGroup;
			children = (
				DCE6582F1A23052C00BAF937 /* Info.plist */,
			);
			name = "Supporting Files";
			sourceTree = "<group>";
		};
/* End PBXGroup section */

/* Begin PBXNativeTarget section */
		DCE658141A23052C00BAF937 /* GuideView */ = {
			isa = PBXNativeTarget;
			buildConfigurationList = DCE658341A23052C00BAF937 /* Build configuration list for PBXNativeTarget "GuideView" */;
			buildPhases = (
				DCE658111A23052C00BAF937 /* Sources */,
				DCE658121A23052C00BAF937 /* Frameworks */,
				DCE658131A23052C00BAF937 /* Resources */,
			);
			buildRules = (
			);
			dependencies = (
			);
			name = GuideView;
			productName = GuideView;
			productReference = DCE658151A23052C00BAF937 /* GuideView.app */;
			productType = "com.apple.product-type.application";
		};
		DCE658291A23052C00BAF937 /* GuideViewTests */ = {
			isa = PBXNativeTarget;
			buildConfigurationList = DCE658371A23052C00BAF937 /* Build configuration list for PBXNativeTarget "GuideViewTests" */;
			buildPhases = (
				DCE658261A23052C00BAF937 /* Sources */,
				DCE658271A23052C00BAF937 /* Frameworks */,
				DCE658281A23052C00BAF937 /* Resources */,
			);
			buildRules = (
			);
			dependencies = (
				DCE6582C1A23052C00BAF937 /* PBXTargetDependency */,
			);
			name = GuideViewTests;
			productName = GuideViewTests;
			productReference = DCE6582A1A23052C00BAF937 /* GuideViewTests.xctest */;
			productType = "com.apple.product-type.bundle.unit-test";
		};
/* End PBXNativeTarget section */

/* Begin PBXProject section */
		DCE6580D1A23052C00BAF937 /* Project object */ = {
			isa = PBXProject;
			attributes = {
				LastUpgradeCheck = 0600;
				ORGANIZATIONNAME = Sai;
				TargetAttributes = {
					DCE658141A23052C00BAF937 = {
						CreatedOnToolsVersion = 6.0.1;
						DevelopmentTeam = XH9BW47D38;
					};
					DCE658291A23052C00BAF937 = {
						CreatedOnToolsVersion = 6.0.1;
						TestTargetID = DCE658141A23052C00BAF937;
					};
				};
			};
			buildConfigurationList = DCE658101A23052C00BAF937 /* Build configuration list for PBXProject "GuideView" */;
			compatibilityVersion = "Xcode 3.2";
			developmentRegion = English;
			hasScannedForEncodings = 0;
			knownRegions = (
				en,
				Base,
			);
			mainGroup = DCE6580C1A23052C00BAF937;
			productRefGroup = DCE658161A23052C00BAF937 /* Products */;
			projectDirPath = "";
			projectRoot = "";
			targets = (
				DCE658141A23052C00BAF937 /* GuideView */,
				DCE658291A23052C00BAF937 /* GuideViewTests */,
			);
		};
/* End PBXProject section */

/* Begin PBXResourcesBuildPhase section */
		DCE658131A23052C00BAF937 /* Resources */ = {
			isa = PBXResourcesBuildPhase;
			buildActionMask = 2147483647;
			files = (
				DCE658201A23052C00BAF937 /* Main.storyboard in Resources */,
				DCE658251A23052C00BAF937 /* LaunchScreen.xib in Resources */,
				DCE658221A23052C00BAF937 /* Images.xcassets in Resources */,
			);
			runOnlyForDeploymentPostprocessing = 0;
		};
		DCE658281A23052C00BAF937 /* Resources */ = {
			isa = PBXResourcesBuildPhase;
			buildActionMask = 2147483647;
			files = (
			);
			runOnlyForDeploymentPostprocessing = 0;
		};
/* End PBXResourcesBuildPhase section */

/* Begin PBXSourcesBuildPhase section */
		DCE658111A23052C00BAF937 /* Sources */ = {
			isa = PBXSourcesBuildPhase;
			buildActionMask = 2147483647;
			files = (
				DCE6583B1A2305DE00BAF937 /* GuideView.swift in Sources */,
				DCE6581D1A23052C00BAF937 /* GuidePageController.swift in Sources */,
				DCE6581B1A23052C00BAF937 /* AppDelegate.swift in Sources */,
			);
			runOnlyForDeploymentPostprocessing = 0;
		};
		DCE658261A23052C00BAF937 /* Sources */ = {
			isa = PBXSourcesBuildPhase;
			buildActionMask = 2147483647;
			files = (
				DCE658311A23052C00BAF937 /* GuideViewTests.swift in Sources */,
			);
			runOnlyForDeploymentPostprocessing = 0;
		};
/* End PBXSourcesBuildPhase section */

/* Begin PBXTargetDependency section */
		DCE6582C1A23052C00BAF937 /* PBXTargetDependency */ = {
			isa = PBXTargetDependency;
			target = DCE658141A23052C00BAF937 /* GuideView */;
			targetProxy = DCE6582B1A23052C00BAF937 /* PBXContainerItemProxy */;
		};
/* End PBXTargetDependency section */

/* Begin PBXVariantGroup section */
		DCE6581E1A23052C00BAF937 /* Main.storyboard */ = {
			isa = PBXVariantGroup;
			children = (
				DCE6581F1A23052C00BAF937 /* Base */,
			);
			name = Main.storyboard;
			sourceTree = "<group>";
		};
		DCE658231A23052C00BAF937 /* LaunchScreen.xib */ = {
			isa = PBXVariantGroup;
			children = (
				DCE658241A23052C00BAF937 /* Base */,
			);
			name = LaunchScreen.xib;
			sourceTree = "<group>";
		};
/* End PBXVariantGroup section */

/* Begin XCBuildConfiguration section */
		DCE658321A23052C00BAF937 /* Debug */ = {
			isa = XCBuildConfiguration;
			buildSettings = {
				ALWAYS_SEARCH_USER_PATHS = NO;
				CLANG_CXX_LANGUAGE_STANDARD = "gnu++0x";
				CLANG_CXX_LIBRARY = "libc++";
				CLANG_ENABLE_MODULES = YES;
				CLANG_ENABLE_OBJC_ARC = YES;
				CLANG_WARN_BOOL_CONVERSION = YES;
				CLANG_WARN_CONSTANT_CONVERSION = YES;
				CLANG_WARN_DIRECT_OBJC_ISA_USAGE = YES_ERROR;
				CLANG_WARN_EMPTY_BODY = YES;
				CLANG_WARN_ENUM_CONVERSION = YES;
				CLANG_WARN_INT_CONVERSION = YES;
				CLANG_WARN_OBJC_ROOT_CLASS = YES_ERROR;
				CLANG_WARN_UNREACHABLE_CODE = YES;
				CLANG_WARN__DUPLICATE_METHOD_MATCH = YES;
				"CODE_SIGN_IDENTITY[sdk=iphoneos*]" = "iPhone Developer";
				COPY_PHASE_STRIP = NO;
				ENABLE_STRICT_OBJC_MSGSEND = YES;
				GCC_C_LANGUAGE_STANDARD = gnu99;
				GCC_DYNAMIC_NO_PIC = NO;
				GCC_OPTIMIZATION_LEVEL = 0;
				GCC_PREPROCESSOR_DEFINITIONS = (
					"DEBUG=1",
					"$(inherited)",
				);
				GCC_SYMBOLS_PRIVATE_EXTERN = NO;
				GCC_WARN_64_TO_32_BIT_CONVERSION = YES;
				GCC_WARN_ABOUT_RETURN_TYPE = YES_ERROR;
				GCC_WARN_UNDECLARED_SELECTOR = YES;
				GCC_WARN_UNINITIALIZED_AUTOS = YES_AGGRESSIVE;
				GCC_WARN_UNUSED_FUNCTION = YES;
				GCC_WARN_UNUSED_VARIABLE = YES;
				IPHONEOS_DEPLOYMENT_TARGET = 8.0;
				MTL_ENABLE_DEBUG_INFO = YES;
				ONLY_ACTIVE_ARCH = YES;
				SDKROOT = iphoneos;
				SWIFT_OPTIMIZATION_LEVEL = "-Onone";
				TARGETED_DEVICE_FAMILY = "1,2";
			};
			name = Debug;
		};
		DCE658331A23052C00BAF937 /* Release */ = {
			isa = XCBuildConfiguration;
			buildSettings = {
				ALWAYS_SEARCH_USER_PATHS = NO;
				CLANG_CXX_LANGUAGE_STANDARD = "gnu++0x";
				CLANG_CXX_LIBRARY = "libc++";
				CLANG_ENABLE_MODULES = YES;
				CLANG_ENABLE_OBJC_ARC = YES;
				CLANG_WARN_BOOL_CONVERSION = YES;
				CLANG_WARN_CONSTANT_CONVERSION = YES;
				CLANG_WARN_DIRECT_OBJC_ISA_USAGE = YES_ERROR;
				CLANG_WARN_EMPTY_BODY = YES;
				CLANG_WARN_ENUM_CONVERSION = YES;
				CLANG_WARN_INT_CONVERSION = YES;
				CLANG_WARN_OBJC_ROOT_CLASS = YES_ERROR;
				CLANG_WARN_UNREACHABLE_CODE = YES;
				CLANG_WARN__DUPLICATE_METHOD_MATCH = YES;
				"CODE_SIGN_IDENTITY[sdk=iphoneos*]" = "iPhone Developer";
				COPY_PHASE_STRIP = YES;
				ENABLE_NS_ASSERTIONS = NO;
				ENABLE_STRICT_OBJC_MSGSEND = YES;
				GCC_C_LANGUAGE_STANDARD = gnu99;
				GCC_WARN_64_TO_32_BIT_CONVERSION = YES;
				GCC_WARN_ABOUT_RETURN_TYPE = YES_ERROR;
				GCC_WARN_UNDECLARED_SELECTOR = YES;
				GCC_WARN_UNINITIALIZED_AUTOS = YES_AGGRESSIVE;
				GCC_WARN_UNUSED_FUNCTION = YES;
				GCC_WARN_UNUSED_VARIABLE = YES;
				IPHONEOS_DEPLOYMENT_TARGET = 8.0;
				MTL_ENABLE_DEBUG_INFO = NO;
				SDKROOT = iphoneos;
				TARGETED_DEVICE_FAMILY = "1,2";
				VALIDATE_PRODUCT = YES;
			};
			name = Release;
		};
		DCE658351A23052C00BAF937 /* Debug */ = {
			isa = XCBuildConfiguration;
			buildSettings = {
				ASSETCATALOG_COMPILER_APPICON_NAME = AppIcon;
				INFOPLIST_FILE = GuideView/Info.plist;
				LD_RUNPATH_SEARCH_PATHS = "$(inherited) @executable_path/Frameworks";
				PRODUCT_NAME = "$(TARGET_NAME)";
			};
			name = Debug;
		};
		DCE658361A23052C00BAF937 /* Release */ = {
			isa = XCBuildConfiguration;
			buildSettings = {
				ASSETCATALOG_COMPILER_APPICON_NAME = AppIcon;
				INFOPLIST_FILE = GuideView/Info.plist;
				LD_RUNPATH_SEARCH_PATHS = "$(inherited) @executable_path/Frameworks";
				PRODUCT_NAME = "$(TARGET_NAME)";
			};
			name = Release;
		};
		DCE658381A23052C00BAF937 /* Debug */ = {
			isa = XCBuildConfiguration;
			buildSettings = {
				BUNDLE_LOADER = "$(TEST_HOST)";
				FRAMEWORK_SEARCH_PATHS = (
					"$(SDKROOT)/Developer/Library/Frameworks",
					"$(inherited)",
				);
				GCC_PREPROCESSOR_DEFINITIONS = (
					"DEBUG=1",
					"$(inherited)",
				);
				INFOPLIST_FILE = GuideViewTests/Info.plist;
				LD_RUNPATH_SEARCH_PATHS = "$(inherited) @executable_path/Frameworks @loader_path/Frameworks";
				PRODUCT_NAME = "$(TARGET_NAME)";
				TEST_HOST = "$(BUILT_PRODUCTS_DIR)/GuideView.app/GuideView";
			};
			name = Debug;
		};
		DCE658391A23052C00BAF937 /* Release */ = {
			isa = XCBuildConfiguration;
			buildSettings = {
				BUNDLE_LOADER = "$(TEST_HOST)";
				FRAMEWORK_SEARCH_PATHS = (
					"$(SDKROOT)/Developer/Library/Frameworks",
					"$(inherited)",
				);
				INFOPLIST_FILE = GuideViewTests/Info.plist;
				LD_RUNPATH_SEARCH_PATHS = "$(inherited) @executable_path/Frameworks @loader_path/Frameworks";
				PRODUCT_NAME = "$(TARGET_NAME)";
				TEST_HOST = "$(BUILT_PRODUCTS_DIR)/GuideView.app/GuideView";
			};
			name = Release;
		};
/* End XCBuildConfiguration section */

/* Begin XCConfigurationList section */
		DCE658101A23052C00BAF937 /* Build configuration list for PBXProject "GuideView" */ = {
			isa = XCConfigurationList;
			buildConfigurations = (
				DCE658321A23052C00BAF937 /* Debug */,
				DCE658331A23052C00BAF937 /* Release */,
			);
			defaultConfigurationIsVisible = 0;
			defaultConfigurationName = Release;
		};
		DCE658341A23052C00BAF937 /* Build configuration list for PBXNativeTarget "GuideView" */ = {
			isa = XCConfigurationList;
			buildConfigurations = (
				DCE658351A23052C00BAF937 /* Debug */,
				DCE658361A23052C00BAF937 /* Release */,
			);
			defaultConfigurationIsVisible = 0;
			defaultConfigurationName = Release;
		};
		DCE658371A23052C00BAF937 /* Build configuration list for PBXNativeTarget "GuideViewTests" */ = {
			isa = XCConfigurationList;
			buildConfigurations = (
				DCE658381A23052C00BAF937 /* Debug */,
				DCE658391A23052C00BAF937 /* Release */,
			);
			defaultConfigurationIsVisible = 0;
			defaultConfigurationName = Release;
		};
/* End XCConfigurationList section */
	};
	rootObject = DCE6580D1A23052C00BAF937 /* Project object */;
}
